
Microsoft Visual Studio Solution File, Format Version 12.00
# Visual Studio Version 16
VisualStudioVersion = 16.0.30011.22
MinimumVisualStudioVersion = 10.0.40219.1
Project("{FAE04EC0-301F-11D3-BF4B-00C04F79EFBC}") = "lab2", "401-lab2\lab2\lab2.csproj", "{27E1A7F4-F8B6-48D1-97AC-A25FDA8D7DD1}"
EndProject
Project("{FAE04EC0-301F-11D3-BF4B-00C04F79EFBC}") = "lab2Tests", "lab2Tests\lab2Tests.csproj", "{66776099-A8D0-4F2B-9D6F-37F7275F95E5}"
EndProject
Global
	GlobalSection(SolutionConfigurationPlatforms) = preSolution
		Debug|Any CPU = Debug|Any CPU
		Release|Any CPU = Release|Any CPU
	EndGlobalSection
	GlobalSection(ProjectConfigurationPlatforms) = postSolution
		{27E1A7F4-F8B6-48D1-97AC-A25FDA8D7DD1}.Debug|Any CPU.ActiveCfg = Debug|Any CPU
		{27E1A7F4-F8B6-48D1-97AC-A25FDA8D7DD1}.Debug|Any CPU.Build.0 = Debug|Any CPU
		{27E1A7F4-F8B6-48D1-97AC-A25FDA8D7DD1}.Release|Any CPU.ActiveCfg = Release|Any CPU
		{27E1A7F4-F8B6-48D1-97AC-A25FDA8D7DD1}.Release|Any CPU.Build.0 = Release|Any CPU
		{66776099-A8D0-4F2B-9D6F-37F7275F95E5}.Debug|Any CPU.ActiveCfg = Debug|Any CPU
		{66776099-A8D0-4F2B-9D6F-37F7275F95E5}.Debug|Any CPU.Build.0 = Debug|Any CPU
		{66776099-A8D0-4F2B-9D6F-37F7275F95E5}.Release|Any CPU.ActiveCfg = Release|Any CPU
		{66776099-A8D0-4F2B-9D6F-37F7275F95E5}.Release|Any CPU.Build.0 = Release|Any CPU
	EndGlobalSection
	GlobalSection(SolutionProperties) = preSolution
		HideSolutionNode = FALSE
	EndGlobalSection
	GlobalSection(ExtensibilityGlobals) = postSolution
		SolutionGuid = {5DF8A9E0-A76B-4C80-A52E-43AFA887A534}
	EndGlobalSection
EndGlobal
